
Microsoft Visual Studio Solution File, Format Version 12.00
# Visual Studio Version 17
VisualStudioVersion = 17.0.31919.166
MinimumVisualStudioVersion = 10.0.40219.1
Project("{FAE04EC0-301F-11D3-BF4B-00C04F79EFBC}") = "Rock-paper-scissors", "Rock-paper-scissors.csproj", "{21921FA2-A08C-4D45-9C7C-5BC646B70110}"
EndProject
Global
	GlobalSection(SolutionConfigurationPlatforms) = preSolution
		Debug|Any CPU = Debug|Any CPU
		Release|Any CPU = Release|Any CPU
	EndGlobalSection
	GlobalSection(ProjectConfigurationPlatforms) = postSolution
		{21921FA2-A08C-4D45-9C7C-5BC646B70110}.Debug|Any CPU.ActiveCfg = Debug|Any CPU
		{21921FA2-A08C-4D45-9C7C-5BC646B70110}.Debug|Any CPU.Build.0 = Debug|Any CPU
		{21921FA2-A08C-4D45-9C7C-5BC646B70110}.Release|Any CPU.ActiveCfg = Release|Any CPU
		{21921FA2-A08C-4D45-9C7C-5BC646B70110}.Release|Any CPU.Build.0 = Release|Any CPU
	EndGlobalSection
	GlobalSection(SolutionProperties) = preSolution
		HideSolutionNode = FALSE
	EndGlobalSection
	GlobalSection(ExtensibilityGlobals) = postSolution
		SolutionGuid = {0A12CDEE-FED8-4A23-82D6-65911FBEBD1B}
	EndGlobalSection
EndGlobal
